
Microsoft Visual Studio Solution File, Format Version 12.00
# Visual Studio 14
VisualStudioVersion = 14.0.25123.0
MinimumVisualStudioVersion = 10.0.40219.1
Project("{8BC9CEB8-8B4A-11D0-8D11-00A0C91BC942}") = "Sender", "Src\Sender\Sender.vcxproj", "{9C7C2A16-1B29-472F-8CF3-3C745EB1A85A}"
EndProject
Project("{8BC9CEB8-8B4A-11D0-8D11-00A0C91BC942}") = "Server", "Src\Server\Server.vcxproj", "{1B8F4784-7F92-41F8-909E-CD157DA9A915}"
EndProject
Project("{8BC9CEB8-8B4A-11D0-8D11-00A0C91BC942}") = "Receiver", "Src\Receiver\Receiver.vcxproj", "{655D9B8E-14BA-4069-98D4-8B491D5E8BD0}"
EndProject
Project("{8BC9CEB8-8B4A-11D0-8D11-00A0C91BC942}") = "ClientServer", "Src\ClientServer\ClientServer.vcxproj", "{C3F6D6DC-37D3-4253-8E87-4BFFBD70F883}"
EndProject
Global
	GlobalSection(SolutionConfigurationPlatforms) = preSolution
		Debug|Win32 = Debug|Win32
		Debug|x64 = Debug|x64
		Release|Win32 = Release|Win32
		Release|x64 = Release|x64
	EndGlobalSection
	GlobalSection(ProjectConfigurationPlatforms) = postSolution
		{9C7C2A16-1B29-472F-8CF3-3C745EB1A85A}.Debug|Win32.ActiveCfg = Debug|Win32
		{9C7C2A16-1B29-472F-8CF3-3C745EB1A85A}.Debug|Win32.Build.0 = Debug|Win32
		{9C7C2A16-1B29-472F-8CF3-3C745EB1A85A}.Debug|x64.ActiveCfg = Debug|Win32
		{9C7C2A16-1B29-472F-8CF3-3C745EB1A85A}.Release|Win32.ActiveCfg = Release|Win32
		{9C7C2A16-1B29-472F-8CF3-3C745EB1A85A}.Release|Win32.Build.0 = Release|Win32
		{9C7C2A16-1B29-472F-8CF3-3C745EB1A85A}.Release|x64.ActiveCfg = Release|Win32
		{1B8F4784-7F92-41F8-909E-CD157DA9A915}.Debug|Win32.ActiveCfg = Debug|Win32
		{1B8F4784-7F92-41F8-909E-CD157DA9A915}.Debug|Win32.Build.0 = Debug|Win32
		{1B8F4784-7F92-41F8-909E-CD157DA9A915}.Debug|x64.ActiveCfg = Debug|Win32
		{1B8F4784-7F92-41F8-909E-CD157DA9A915}.Release|Win32.ActiveCfg = Release|Win32
		{1B8F4784-7F92-41F8-909E-CD157DA9A915}.Release|Win32.Build.0 = Release|Win32
		{1B8F4784-7F92-41F8-909E-CD157DA9A915}.Release|x64.ActiveCfg = Release|Win32
		{655D9B8E-14BA-4069-98D4-8B491D5E8BD0}.Debug|Win32.ActiveCfg = Debug|Win32
		{655D9B8E-14BA-4069-98D4-8B491D5E8BD0}.Debug|Win32.Build.0 = Debug|Win32
		{655D9B8E-14BA-4069-98D4-8B491D5E8BD0}.Debug|x64.ActiveCfg = Debug|Win32
		{655D9B8E-14BA-4069-98D4-8B491D5E8BD0}.Release|Win32.ActiveCfg = Release|Win32
		{655D9B8E-14BA-4069-98D4-8B491D5E8BD0}.Release|Win32.Build.0 = Release|Win32
		{655D9B8E-14BA-4069-98D4-8B491D5E8BD0}.Release|x64.ActiveCfg = Release|Win32
		{C3F6D6DC-37D3-4253-8E87-4BFFBD70F883}.Debug|Win32.ActiveCfg = Debug|Win32
		{C3F6D6DC-37D3-4253-8E87-4BFFBD70F883}.Debug|Win32.Build.0 = Debug|Win32
		{C3F6D6DC-37D3-4253-8E87-4BFFBD70F883}.Debug|x64.ActiveCfg = Debug|x64
		{C3F6D6DC-37D3-4253-8E87-4BFFBD70F883}.Debug|x64.Build.0 = Debug|x64
		{C3F6D6DC-37D3-4253-8E87-4BFFBD70F883}.Release|Win32.ActiveCfg = Release|Win32
		{C3F6D6DC-37D3-4253-8E87-4BFFBD70F883}.Release|Win32.Build.0 = Release|Win32
		{C3F6D6DC-37D3-4253-8E87-4BFFBD70F883}.Release|x64.ActiveCfg = Release|x64
		{C3F6D6DC-37D3-4253-8E87-4BFFBD70F883}.Release|x64.Build.0 = Release|x64
	EndGlobalSection
	GlobalSection(SolutionProperties) = preSolution
		HideSolutionNode = FALSE
	EndGlobalSection
EndGlobal
